
Microsoft Visual Studio Solution File, Format Version 12.00
# Visual Studio Version 17
VisualStudioVersion = 17.6.33829.357
MinimumVisualStudioVersion = 10.0.40219.1
Project("{FAE04EC0-301F-11D3-BF4B-00C04F79EFBC}") = "Curs6Prob2", "Curs6Prob2.csproj", "{16805F29-F319-4448-A924-E2D9BEC80A1A}"
EndProject
Global
	GlobalSection(SolutionConfigurationPlatforms) = preSolution
		Debug|Any CPU = Debug|Any CPU
		Release|Any CPU = Release|Any CPU
	EndGlobalSection
	GlobalSection(ProjectConfigurationPlatforms) = postSolution
		{16805F29-F319-4448-A924-E2D9BEC80A1A}.Debug|Any CPU.ActiveCfg = Debug|Any CPU
		{16805F29-F319-4448-A924-E2D9BEC80A1A}.Debug|Any CPU.Build.0 = Debug|Any CPU
		{16805F29-F319-4448-A924-E2D9BEC80A1A}.Release|Any CPU.ActiveCfg = Release|Any CPU
		{16805F29-F319-4448-A924-E2D9BEC80A1A}.Release|Any CPU.Build.0 = Release|Any CPU
	EndGlobalSection
	GlobalSection(SolutionProperties) = preSolution
		HideSolutionNode = FALSE
	EndGlobalSection
	GlobalSection(ExtensibilityGlobals) = postSolution
		SolutionGuid = {43390B11-172F-42CB-9447-18170726E9ED}
	EndGlobalSection
EndGlobal
